Microsoft Visual Studio Solution File, Format Version 12.00
# Visual Studio Version 17
VisualStudioVersion = 17.0.31912.275
MinimumVisualStudioVersion = 10.0.40219.1
Project("{9A19103F-16F7-4668-BE54-9A1E7A4F7556}") = "CareLog.Domain", "src/CareLog.Domain/CareLog.Domain.csproj", "{11111111-1111-1111-1111-111111111111}"
EndProject
Project("{9A19103F-16F7-4668-BE54-9A1E7A4F7556}") = "CareLog.Application", "src/CareLog.Application/CareLog.Application.csproj", "{22222222-2222-2222-2222-222222222222}"
EndProject
Project("{9A19103F-16F7-4668-BE54-9A1E7A4F7556}") = "CareLog.Infrastructure", "src/CareLog.Infrastructure/CareLog.Infrastructure.csproj", "{33333333-3333-3333-3333-333333333333}"
EndProject
Project("{FAE04EC0-301F-11D3-BF4B-00C04F79EFBC}") = "CareLog.Api", "src/CareLog.Api/CareLog.Api.csproj", "{44444444-4444-4444-4444-444444444444}"
EndProject
Project("{FAE04EC0-301F-11D3-BF4B-00C04F79EFBC}") = "CareLog.Web", "src/CareLog.Web/CareLog.Web.csproj", "{55555555-5555-5555-5555-555555555555}"
EndProject
Project("{9A19103F-16F7-4668-BE54-9A1E7A4F7556}") = "CareLog.Mobile", "src/CareLog.Mobile/CareLog.Mobile.csproj", "{66666666-6666-6666-6666-666666666666}"
EndProject
Project("{3AC096D0-A1C2-E12C-1390-A8335801FDAB}") = "CareLog.Domain.Tests", "tests/CareLog.Domain.Tests/CareLog.Domain.Tests.csproj", "{77777777-7777-7777-7777-777777777777}"
EndProject
Project("{3AC096D0-A1C2-E12C-1390-A8335801FDAB}") = "CareLog.Api.IntegrationTests", "tests/CareLog.Api.IntegrationTests/CareLog.Api.IntegrationTests.csproj", "{88888888-8888-8888-8888-888888888888}"
EndProject
Global
	GlobalSection(SolutionConfigurationPlatforms) = preSolution
		Debug|Any CPU = Debug|Any CPU
		Release|Any CPU = Release|Any CPU
	EndGlobalSection
	GlobalSection(ProjectConfigurationPlatforms) = postSolution
	EndGlobalSection
EndGlobal
